
Microsoft Visual Studio Solution File, Format Version 12.00
# Visual Studio 15
VisualStudioVersion = 15.0.28307.421
MinimumVisualStudioVersion = 10.0.40219.1
Project("{FAE04EC0-301F-11D3-BF4B-00C04F79EFBC}") = "GreatOutdoors.PresentationLayer", "GreatOutdoors.PresentationLayer\GreatOutdoors.PresentationLayer.csproj", "{B1C1DEE1-A274-4970-84E2-7572853ED6D4}"
EndProject
Project("{FAE04EC0-301F-11D3-BF4B-00C04F79EFBC}") = "GreatOutdoors.Entities", "GreatOutdoors.Entities\GreatOutdoors.Entities.csproj", "{4C8CB70C-AFB8-4E79-9873-2C32532EE1FF}"
EndProject
Project("{FAE04EC0-301F-11D3-BF4B-00C04F79EFBC}") = "GreatOutdoors.DataAccessLayer", "GreatOutdoors.DataAccessLayer\GreatOutdoors.DataAccessLayer.csproj", "{6F098BEE-CE3F-4FFB-AED2-5DF82E854A46}"
EndProject
Project("{FAE04EC0-301F-11D3-BF4B-00C04F79EFBC}") = "GreatOutdoors.BusinessLayer", "GreatOutdoors.BusinessLayer\GreatOutdoors.BusinessLayer.csproj", "{9012BB58-BFD7-44E6-B885-A2561009C6E0}"
EndProject
Global
	GlobalSection(SolutionConfigurationPlatforms) = preSolution
		Debug|Any CPU = Debug|Any CPU
		Release|Any CPU = Release|Any CPU
	EndGlobalSection
	GlobalSection(ProjectConfigurationPlatforms) = postSolution
		{B1C1DEE1-A274-4970-84E2-7572853ED6D4}.Debug|Any CPU.ActiveCfg = Debug|Any CPU
		{B1C1DEE1-A274-4970-84E2-7572853ED6D4}.Debug|Any CPU.Build.0 = Debug|Any CPU
		{B1C1DEE1-A274-4970-84E2-7572853ED6D4}.Release|Any CPU.ActiveCfg = Release|Any CPU
		{B1C1DEE1-A274-4970-84E2-7572853ED6D4}.Release|Any CPU.Build.0 = Release|Any CPU
		{4C8CB70C-AFB8-4E79-9873-2C32532EE1FF}.Debug|Any CPU.ActiveCfg = Debug|Any CPU
		{4C8CB70C-AFB8-4E79-9873-2C32532EE1FF}.Debug|Any CPU.Build.0 = Debug|Any CPU
		{4C8CB70C-AFB8-4E79-9873-2C32532EE1FF}.Release|Any CPU.ActiveCfg = Release|Any CPU
		{4C8CB70C-AFB8-4E79-9873-2C32532EE1FF}.Release|Any CPU.Build.0 = Release|Any CPU
		{6F098BEE-CE3F-4FFB-AED2-5DF82E854A46}.Debug|Any CPU.ActiveCfg = Debug|Any CPU
		{6F098BEE-CE3F-4FFB-AED2-5DF82E854A46}.Debug|Any CPU.Build.0 = Debug|Any CPU
		{6F098BEE-CE3F-4FFB-AED2-5DF82E854A46}.Release|Any CPU.ActiveCfg = Release|Any CPU
		{6F098BEE-CE3F-4FFB-AED2-5DF82E854A46}.Release|Any CPU.Build.0 = Release|Any CPU
		{9012BB58-BFD7-44E6-B885-A2561009C6E0}.Debug|Any CPU.ActiveCfg = Debug|Any CPU
		{9012BB58-BFD7-44E6-B885-A2561009C6E0}.Debug|Any CPU.Build.0 = Debug|Any CPU
		{9012BB58-BFD7-44E6-B885-A2561009C6E0}.Release|Any CPU.ActiveCfg = Release|Any CPU
		{9012BB58-BFD7-44E6-B885-A2561009C6E0}.Release|Any CPU.Build.0 = Release|Any CPU
	EndGlobalSection
	GlobalSection(SolutionProperties) = preSolution
		HideSolutionNode = FALSE
	EndGlobalSection
	GlobalSection(ExtensibilityGlobals) = postSolution
		SolutionGuid = {F1299498-431E-4693-BC8D-0F04550D96EB}
	EndGlobalSection
EndGlobal
